
Microsoft Visual Studio Solution File, Format Version 12.00
# Visual Studio Version 17
VisualStudioVersion = 17.9.34902.65
MinimumVisualStudioVersion = 10.0.40219.1
Project("{FAE04EC0-301F-11D3-BF4B-00C04F79EFBC}") = "MarketMAUI", "MarketMAUI\MarketMAUI.csproj", "{8A18607E-B886-40C6-B4F8-FC054A5A015B}"
EndProject
Global
	GlobalSection(SolutionConfigurationPlatforms) = preSolution
		Debug|Any CPU = Debug|Any CPU
		Release|Any CPU = Release|Any CPU
	EndGlobalSection
	GlobalSection(ProjectConfigurationPlatforms) = postSolution
		{8A18607E-B886-40C6-B4F8-FC054A5A015B}.Debug|Any CPU.ActiveCfg = Debug|Any CPU
		{8A18607E-B886-40C6-B4F8-FC054A5A015B}.Debug|Any CPU.Build.0 = Debug|Any CPU
		{8A18607E-B886-40C6-B4F8-FC054A5A015B}.Debug|Any CPU.Deploy.0 = Debug|Any CPU
		{8A18607E-B886-40C6-B4F8-FC054A5A015B}.Release|Any CPU.ActiveCfg = Release|Any CPU
		{8A18607E-B886-40C6-B4F8-FC054A5A015B}.Release|Any CPU.Build.0 = Release|Any CPU
		{8A18607E-B886-40C6-B4F8-FC054A5A015B}.Release|Any CPU.Deploy.0 = Release|Any CPU
	EndGlobalSection
	GlobalSection(SolutionProperties) = preSolution
		HideSolutionNode = FALSE
	EndGlobalSection
	GlobalSection(ExtensibilityGlobals) = postSolution
		SolutionGuid = {B0CA1109-2231-4C0B-8677-12E6E103395E}
	EndGlobalSection
EndGlobal
